
Microsoft Visual Studio Solution File, Format Version 12.00
# Visual Studio Version 16
VisualStudioVersion = 16.0.34931.43
MinimumVisualStudioVersion = 10.0.40219.1
Project("{FAE04EC0-301F-11D3-BF4B-00C04F79EFBC}") = "This Dex", "This Dex\This Dex.csproj", "{35588DCD-B446-4234-AB35-F2C7CB4D7439}"
EndProject
Global
	GlobalSection(SolutionConfigurationPlatforms) = preSolution
		Debug|Any CPU = Debug|Any CPU
		Release|Any CPU = Release|Any CPU
	EndGlobalSection
	GlobalSection(ProjectConfigurationPlatforms) = postSolution
		{35588DCD-B446-4234-AB35-F2C7CB4D7439}.Debug|Any CPU.ActiveCfg = Debug|Any CPU
		{35588DCD-B446-4234-AB35-F2C7CB4D7439}.Debug|Any CPU.Build.0 = Debug|Any CPU
		{35588DCD-B446-4234-AB35-F2C7CB4D7439}.Release|Any CPU.ActiveCfg = Release|Any CPU
		{35588DCD-B446-4234-AB35-F2C7CB4D7439}.Release|Any CPU.Build.0 = Release|Any CPU
	EndGlobalSection
	GlobalSection(SolutionProperties) = preSolution
		HideSolutionNode = FALSE
	EndGlobalSection
	GlobalSection(ExtensibilityGlobals) = postSolution
		SolutionGuid = {6842F4E2-9947-4D24-B1EB-942C0E463AE6}
	EndGlobalSection
EndGlobal
